
Microsoft Visual Studio Solution File, Format Version 12.00
# Visual Studio 15
VisualStudioVersion = 15.0.27428.2043
MinimumVisualStudioVersion = 10.0.40219.1
Project("{FAE04EC0-301F-11D3-BF4B-00C04F79EFBC}") = "SaturdayMP.GameTracker", "SaturdayMP.GameTracker\SaturdayMP.GameTracker.csproj", "{A5BD630F-5229-4577-9F21-620D9CE13FFB}"
EndProject
Global
	GlobalSection(SolutionConfigurationPlatforms) = preSolution
		Debug|Any CPU = Debug|Any CPU
		Release|Any CPU = Release|Any CPU
	EndGlobalSection
	GlobalSection(ProjectConfigurationPlatforms) = postSolution
		{A5BD630F-5229-4577-9F21-620D9CE13FFB}.Debug|Any CPU.ActiveCfg = Debug|Any CPU
		{A5BD630F-5229-4577-9F21-620D9CE13FFB}.Debug|Any CPU.Build.0 = Debug|Any CPU
		{A5BD630F-5229-4577-9F21-620D9CE13FFB}.Release|Any CPU.ActiveCfg = Release|Any CPU
		{A5BD630F-5229-4577-9F21-620D9CE13FFB}.Release|Any CPU.Build.0 = Release|Any CPU
	EndGlobalSection
	GlobalSection(SolutionProperties) = preSolution
		HideSolutionNode = FALSE
	EndGlobalSection
	GlobalSection(ExtensibilityGlobals) = postSolution
		SolutionGuid = {0EE918BC-C622-4065-B788-6A88F87AA239}
	EndGlobalSection
EndGlobal
