
Microsoft Visual Studio Solution File, Format Version 12.00
# Visual Studio 15
VisualStudioVersion = 15.0.27130.2010
MinimumVisualStudioVersion = 10.0.40219.1
Project("{FAE04EC0-301F-11D3-BF4B-00C04F79EFBC}") = "SaturdayMP.BuddiesGameTracker", "SaturdayMP.BuddiesGameTracker\SaturdayMP.BuddiesGameTracker.csproj", "{B2E3B8E1-5EE5-47B7-B67E-F17F7524319B}"
EndProject
Global
	GlobalSection(SolutionConfigurationPlatforms) = preSolution
		Debug|Any CPU = Debug|Any CPU
		Release|Any CPU = Release|Any CPU
	EndGlobalSection
	GlobalSection(ProjectConfigurationPlatforms) = postSolution
		{B2E3B8E1-5EE5-47B7-B67E-F17F7524319B}.Debug|Any CPU.ActiveCfg = Debug|Any CPU
		{B2E3B8E1-5EE5-47B7-B67E-F17F7524319B}.Debug|Any CPU.Build.0 = Debug|Any CPU
		{B2E3B8E1-5EE5-47B7-B67E-F17F7524319B}.Release|Any CPU.ActiveCfg = Release|Any CPU
		{B2E3B8E1-5EE5-47B7-B67E-F17F7524319B}.Release|Any CPU.Build.0 = Release|Any CPU
	EndGlobalSection
	GlobalSection(SolutionProperties) = preSolution
		HideSolutionNode = FALSE
	EndGlobalSection
	GlobalSection(ExtensibilityGlobals) = postSolution
		SolutionGuid = {24C165C7-90FD-4297-8C0F-E8B352575263}
	EndGlobalSection
EndGlobal
